schema: '2.0'
stages:
  curar:
    cmd: uv run python -m project.ingest.reprocesar
    deps:
    - path: data/raw/source=emt_buses
      hash: md5
      md5: 40e367328b03fb2b1246b9b835b9ed6f.dir
      size: 542480314
      nfiles: 48
    - path: data/raw/source=renfe_cercanias
      hash: md5
      md5: 5670dc50e9fead2ad7e908cd6a6225cc.dir
      size: 989902856
      nfiles: 51
    - path: data/raw/source=trafico_estado
      hash: md5
      md5: 11f2f0245bb9dcfd19fe1115ae6be454.dir
      size: 403684655
      nfiles: 48
    - path: data/raw/source=trafico_intensidad
      hash: md5
      md5: 3c5ed5956c8d44de09beee99fc843f7a.dir
      size: 66878580
      nfiles: 48
    - path: data/raw/source=valenbisi
      hash: md5
      md5: b97bb8086db174c3879ce429e2372177.dir
      size: 244795478
      nfiles: 48
    - path: src/project/ingest/reprocesar.py
      hash: md5
      md5: babe5c6e245705f90d8bdb2f56569f54
      size: 6666
    - path: src/project/ingest/sources.py
      hash: md5
      md5: a824eb38f1a9743f662bdd62da17bb6a
      size: 19594
    outs:
    - path: data/curated
      hash: md5
      md5: 6cd1f5b45ed11af57da974e3b6edde34.dir
      size: 393352505
      nfiles: 243
  prepare:
    cmd: uv run python -m project.prepare
    deps:
    - path: data/curated
      hash: md5
      md5: 6cd1f5b45ed11af57da974e3b6edde34.dir
      size: 393352505
      nfiles: 243
    - path: data/raw/gtfs
      hash: md5
      md5: 58e47750a59418f7aed19ec560781cde.dir
      size: 76792028
      nfiles: 13
    - path: src/project/etiquetado.py
      hash: md5
      md5: 33f6cba18d6ec05b9b1ffa560c120a81
      size: 22506
    - path: src/project/gtfs.py
      hash: md5
      md5: eddb6c0ab87e20c72fbdb9b835d129a9
      size: 9426
    - path: src/project/mapmatching.py
      hash: md5
      md5: fbbf9e17f110a61527ec486efd4141bf
      size: 7756
    - path: src/project/prepare.py
      hash: md5
      md5: 02a2c59606255083e13187a9a8b02b33
      size: 10852
    - path: src/project/tracking.py
      hash: md5
      md5: 5956002ab6539b21b0eb796d68363cd5
      size: 38192
    params:
      params.yaml:
        prepare:
          min_posiciones_viaje: 10
          min_fraccion_recorrido: 0.3
          retroceso_nuevo_viaje_m: 500
          max_hueco_cruce_s: 120
          margen_cruce_m: 15
          paradas_referencia: 3
          max_desfase_s: 1200
          margen_min_s: 120
          min_avance: 0.8
          excluir_fechas:
          - - '2026-08-31'
            - '2026-09-11'
    outs:
    - path: data/interim/emt_tracked
      hash: md5
      md5: 40b366671c3cf0fbb06c23033b904ce4.dir
      size: 424762701
      nfiles: 48
    - path: data/interim/pasos
      hash: md5
      md5: 620f7df005bb3f71f2931b05df59a014.dir
      size: 74698618
      nfiles: 48
    - path: data/interim/viajes
      hash: md5
      md5: 78ab40b7aa8acd679e1f1ce03101c20d.dir
      size: 10051494
      nfiles: 48
    - path: metrics/prepare.json
      hash: md5
      md5: 7f4874615271efb6d7577c179d1cb009
      size: 18779
  features:
    cmd: uv run python -m project.features
    deps:
    - path: data/interim/pasos
      hash: md5
      md5: 620f7df005bb3f71f2931b05df59a014.dir
      size: 74698618
      nfiles: 48
    - path: src/project/features.py
      hash: md5
      md5: 6fb62ee06b4f08b66191db1f44f08d1b
      size: 17083
    params:
      params.yaml:
        features:
          objetivo: retraso_siguiente_parada_s
          horizonte_paradas: 1
          lags_min:
          - 1
          - 5
          - 15
          ventana_trafico_min: 10
          incluir_flota: true
          ventanas_flota_min:
          - 5
          - 15
          soporte_min: 2
          incluir_trafico: false
          incluir_meteo: false
          umbral_retraso_s: 300
          linea_min_viajes: 100
          linea_min_dias: 3
          test_desde: '2026-09-21'
    outs:
    - path: data/processed/test.parquet
      hash: md5
      md5: 51400f709780d224e4a75180c2a658db
      size: 78133864
    - path: data/processed/train.parquet
      hash: md5
      md5: 849b200532f4d08636e0d21055d34826
      size: 143145417
    - path: metrics/features.json
      hash: md5
      md5: 0932b3dcdd544e0b73d6f23cc25effb1
      size: 18933
  train:
    cmd: uv run python -m project.train
    deps:
    - path: data/processed/train.parquet
      hash: md5
      md5: 849b200532f4d08636e0d21055d34826
      size: 143145417
    - path: src/project/evaluate.py
      hash: md5
      md5: 6b668f54f46352b9562b2546c263049f
      size: 8221
    - path: src/project/features.py
      hash: md5
      md5: 6fb62ee06b4f08b66191db1f44f08d1b
      size: 17083
    - path: src/project/predict.py
      hash: md5
      md5: 877a8969c4b2a9bd0e7fd4f507de5ac5
      size: 1374
    - path: src/project/train.py
      hash: md5
      md5: 8338d478e66b2442f53560471e16e946
      size: 6013
    params:
      params.yaml:
        train:
          objective: reg:absoluteerror
          residuo: true
          eval_metric: mae
          n_estimators: 3000
          max_depth: 8
          learning_rate: 0.05
          subsample: 0.8
          colsample_bytree: 0.8
          min_child_weight: 10
          early_stopping_rounds: 50
          n_jobs: -1
          random_state: 42
          dias_validacion: 7
    outs:
    - path: models/model.pkl
      hash: md5
      md5: 33e467c97cb1fe5c5035f8aa564a5f1a
      size: 24518136
  evaluate:
    cmd: uv run python -m project.evaluate
    deps:
    - path: data/processed/test.parquet
      hash: md5
      md5: 51400f709780d224e4a75180c2a658db
      size: 78133864
    - path: data/processed/train.parquet
      hash: md5
      md5: 849b200532f4d08636e0d21055d34826
      size: 143145417
    - path: data/raw/gtfs
      hash: md5
      md5: 58e47750a59418f7aed19ec560781cde.dir
      size: 76792028
      nfiles: 13
    - path: models/model.pkl
      hash: md5
      md5: 33e467c97cb1fe5c5035f8aa564a5f1a
      size: 24518136
    - path: src/project/evaluate.py
      hash: md5
      md5: 6b668f54f46352b9562b2546c263049f
      size: 8221
    - path: src/project/features.py
      hash: md5
      md5: 6fb62ee06b4f08b66191db1f44f08d1b
      size: 17083
    - path: src/project/gtfs.py
      hash: md5
      md5: eddb6c0ab87e20c72fbdb9b835d129a9
      size: 9426
    - path: src/project/predict.py
      hash: md5
      md5: 877a8969c4b2a9bd0e7fd4f507de5ac5
      size: 1374
    params:
      params.yaml:
        features.linea_min_dias: 3
        features.linea_min_viajes: 100
        features.objetivo: retraso_siguiente_parada_s
    outs:
    - path: metrics/eval.json
      hash: md5
      md5: bb482fd4971c3f427e8b02ed9e1a1af2
      size: 32414
