schema: '2.0'
stages:
  curar:
    cmd: uv run python -m project.ingest.reprocesar
    deps:
    - path: data/raw/source=emt_buses
      hash: md5
      md5: 40e367328b03fb2b1246b9b835b9ed6f.dir
      size: 542480314
      nfiles: 48
    - path: data/raw/source=renfe_cercanias
      hash: md5
      md5: 5670dc50e9fead2ad7e908cd6a6225cc.dir
      size: 989902856
      nfiles: 51
    - path: data/raw/source=trafico_estado
      hash: md5
      md5: 11f2f0245bb9dcfd19fe1115ae6be454.dir
      size: 403684655
      nfiles: 48
    - path: data/raw/source=trafico_intensidad
      hash: md5
      md5: 3c5ed5956c8d44de09beee99fc843f7a.dir
      size: 66878580
      nfiles: 48
    - path: data/raw/source=valenbisi
      hash: md5
      md5: b97bb8086db174c3879ce429e2372177.dir
      size: 244795478
      nfiles: 48
    - path: src/project/ingest/reprocesar.py
      hash: md5
      md5: 7b0fe06df1303e1739c78d036220ce85
      size: 6053
    - path: src/project/ingest/sources.py
      hash: md5
      md5: 245d1d949420b595508e0b8e1eba8d9b
      size: 19390
    outs:
    - path: data/curated
      hash: md5
      md5: 6cd1f5b45ed11af57da974e3b6edde34.dir
      size: 393352505
      nfiles: 243
  prepare:
    cmd: uv run python -m project.prepare
    deps:
    - path: data/curated
      hash: md5
      md5: 6cd1f5b45ed11af57da974e3b6edde34.dir
      size: 393352505
      nfiles: 243
    - path: data/raw/gtfs
      hash: md5
      md5: 58e47750a59418f7aed19ec560781cde.dir
      size: 76792028
      nfiles: 13
    - path: src/project/etiquetado.py
      hash: md5
      md5: 33f6cba18d6ec05b9b1ffa560c120a81
      size: 22506
    - path: src/project/gtfs.py
      hash: md5
      md5: eddb6c0ab87e20c72fbdb9b835d129a9
      size: 9426
    - path: src/project/mapmatching.py
      hash: md5
      md5: fbbf9e17f110a61527ec486efd4141bf
      size: 7756
    - path: src/project/prepare.py
      hash: md5
      md5: 84c7b23b20a7b1b23d9eb7059d4f3bbb
      size: 10847
    - path: src/project/tracking.py
      hash: md5
      md5: cb447eb543efefe7aa473291ec88dbf6
      size: 37332
    params:
      params.yaml:
        prepare:
          min_posiciones_viaje: 10
          min_fraccion_recorrido: 0.3
          retroceso_nuevo_viaje_m: 500
          max_hueco_cruce_s: 120
          margen_cruce_m: 15
          paradas_referencia: 3
          max_desfase_s: 1200
          margen_min_s: 120
          min_avance: 0.8
          excluir_fechas:
          - - '2026-08-31'
            - '2026-09-11'
    outs:
    - path: data/interim/emt_tracked
      hash: md5
      md5: 40b366671c3cf0fbb06c23033b904ce4.dir
      size: 424762701
      nfiles: 48
    - path: data/interim/pasos
      hash: md5
      md5: 620f7df005bb3f71f2931b05df59a014.dir
      size: 74698618
      nfiles: 48
    - path: data/interim/viajes
      hash: md5
      md5: 78ab40b7aa8acd679e1f1ce03101c20d.dir
      size: 10051494
      nfiles: 48
    - path: metrics/prepare.json
      hash: md5
      md5: 7f4874615271efb6d7577c179d1cb009
      size: 18779
  features:
    cmd: uv run python -m project.features
    deps:
    - path: data/interim/disponibilidad
      hash: md5
      md5: aceb0b88beaa6708a51ea6ee549a0ee1.dir
      size: 5398505
      nfiles: 1
    - path: data/interim/pasos
      hash: md5
      md5: 620f7df005bb3f71f2931b05df59a014.dir
      size: 74698618
      nfiles: 48
    - path: src/project/features.py
      hash: md5
      md5: c4205aff1dc3721dd4c659ea57f8fc13
      size: 28200
    params:
      params.yaml:
        features:
          objetivo: retraso_siguiente_parada_s
          horizonte_paradas: 1
          horizontes_barrido:
          - 2
          - 3
          - 5
          - 10
          lags_min:
          - 1
          - 5
          - 15
          ventana_trafico_min: 10
          incluir_flota: true
          ventanas_flota_min:
          - 5
          - 15
          soporte_min: 2
          incluir_trafico: false
          incluir_meteo: false
          umbral_retraso_s: 300
          linea_min_viajes: 100
          linea_min_dias: 3
          test_desde: '2026-09-21'
    outs:
    - path: data/processed/test.parquet
      hash: md5
      md5: 94be408074b32c5b5db4a0f5e761276c
      size: 88752943
    - path: data/processed/train.parquet
      hash: md5
      md5: 51c1af3b50d7c1695007528d10bf7716
      size: 161977247
    - path: metrics/features.json
      hash: md5
      md5: de48ca0e5862cba057d763640b8f3076
      size: 19304
  train:
    cmd: uv run python -m project.train
    deps:
    - path: data/processed/train.parquet
      hash: md5
      md5: 51c1af3b50d7c1695007528d10bf7716
      size: 161977247
    - path: src/project/evaluate.py
      hash: md5
      md5: 1dfbeff88114c78eb0feb8bd0a87db5a
      size: 10406
    - path: src/project/features.py
      hash: md5
      md5: c4205aff1dc3721dd4c659ea57f8fc13
      size: 28200
    - path: src/project/predict.py
      hash: md5
      md5: 877a8969c4b2a9bd0e7fd4f507de5ac5
      size: 1374
    - path: src/project/train.py
      hash: md5
      md5: 83fa3814a7867d36e7fab635a42a06e1
      size: 6574
    params:
      params.yaml:
        train:
          objective: reg:absoluteerror
          residuo: true
          eval_metric: mae
          n_estimators: 3000
          max_depth: 8
          learning_rate: 0.05
          subsample: 0.8
          colsample_bytree: 0.8
          min_child_weight: 10
          early_stopping_rounds: 50
          n_jobs: -1
          random_state: 42
          dias_validacion: 7
    outs:
    - path: models/model.pkl
      hash: md5
      md5: 1726cc21f92e40d87e078642182d2ab2
      size: 11151012
  evaluate:
    cmd: uv run python -m project.evaluate
    deps:
    - path: data/processed/test.parquet
      hash: md5
      md5: 94be408074b32c5b5db4a0f5e761276c
      size: 88752943
    - path: data/processed/train.parquet
      hash: md5
      md5: 51c1af3b50d7c1695007528d10bf7716
      size: 161977247
    - path: data/raw/gtfs
      hash: md5
      md5: 58e47750a59418f7aed19ec560781cde.dir
      size: 76792028
      nfiles: 13
    - path: models/model.pkl
      hash: md5
      md5: 1726cc21f92e40d87e078642182d2ab2
      size: 11151012
    - path: src/project/evaluate.py
      hash: md5
      md5: 1dfbeff88114c78eb0feb8bd0a87db5a
      size: 10406
    - path: src/project/features.py
      hash: md5
      md5: c4205aff1dc3721dd4c659ea57f8fc13
      size: 28200
    - path: src/project/gtfs.py
      hash: md5
      md5: eddb6c0ab87e20c72fbdb9b835d129a9
      size: 9426
    - path: src/project/predict.py
      hash: md5
      md5: 877a8969c4b2a9bd0e7fd4f507de5ac5
      size: 1374
    params:
      params.yaml:
        features.linea_min_dias: 3
        features.linea_min_viajes: 100
        features.objetivo: retraso_siguiente_parada_s
    outs:
    - path: metrics/eval.json
      hash: md5
      md5: c3bf36c77a0744bc92a0fe40799d26bd
      size: 45892
  disponibilidad:
    cmd: uv run python -m project.features --disponibilidad
    deps:
    - path: data/curated
      hash: md5
      md5: 6cd1f5b45ed11af57da974e3b6edde34.dir
      size: 393352505
      nfiles: 243
    - path: data/interim/emt_tracked
      hash: md5
      md5: 40b366671c3cf0fbb06c23033b904ce4.dir
      size: 424762701
      nfiles: 48
    - path: data/interim/pasos
      hash: md5
      md5: 620f7df005bb3f71f2931b05df59a014.dir
      size: 74698618
      nfiles: 48
    - path: src/project/features.py
      hash: md5
      md5: c4205aff1dc3721dd4c659ea57f8fc13
      size: 28200
    params:
      params.yaml:
        prepare.max_hueco_cruce_s: 120
        prepare.paradas_referencia: 3
    outs:
    - path: data/interim/disponibilidad
      hash: md5
      md5: aceb0b88beaa6708a51ea6ee549a0ee1.dir
      size: 5398505
      nfiles: 1
  features_h@2:
    cmd: uv run python -m project.features --horizonte 2
    deps:
    - path: data/interim/disponibilidad
      hash: md5
      md5: aceb0b88beaa6708a51ea6ee549a0ee1.dir
      size: 5398505
      nfiles: 1
    - path: data/interim/pasos
      hash: md5
      md5: 620f7df005bb3f71f2931b05df59a014.dir
      size: 74698618
      nfiles: 48
    - path: src/project/features.py
      hash: md5
      md5: c4205aff1dc3721dd4c659ea57f8fc13
      size: 28200
    params:
      params.yaml:
        features:
          objetivo: retraso_siguiente_parada_s
          horizonte_paradas: 1
          horizontes_barrido:
          - 2
          - 3
          - 5
          - 10
          lags_min:
          - 1
          - 5
          - 15
          ventana_trafico_min: 10
          incluir_flota: true
          ventanas_flota_min:
          - 5
          - 15
          soporte_min: 2
          incluir_trafico: false
          incluir_meteo: false
          umbral_retraso_s: 300
          linea_min_viajes: 100
          linea_min_dias: 3
          test_desde: '2026-09-21'
    outs:
    - path: data/processed/h2
      hash: md5
      md5: 2ba2be1ed5ba5ce4a13186eecf1360db.dir
      size: 236617582
      nfiles: 2
    - path: metrics/horizontes/h2/features.json
      hash: md5
      md5: e2e4c468718c978d914731ec47e48bf0
      size: 19305
  features_h@3:
    cmd: uv run python -m project.features --horizonte 3
    deps:
    - path: data/interim/disponibilidad
      hash: md5
      md5: aceb0b88beaa6708a51ea6ee549a0ee1.dir
      size: 5398505
      nfiles: 1
    - path: data/interim/pasos
      hash: md5
      md5: 620f7df005bb3f71f2931b05df59a014.dir
      size: 74698618
      nfiles: 48
    - path: src/project/features.py
      hash: md5
      md5: c4205aff1dc3721dd4c659ea57f8fc13
      size: 28200
    params:
      params.yaml:
        features:
          objetivo: retraso_siguiente_parada_s
          horizonte_paradas: 1
          horizontes_barrido:
          - 2
          - 3
          - 5
          - 10
          lags_min:
          - 1
          - 5
          - 15
          ventana_trafico_min: 10
          incluir_flota: true
          ventanas_flota_min:
          - 5
          - 15
          soporte_min: 2
          incluir_trafico: false
          incluir_meteo: false
          umbral_retraso_s: 300
          linea_min_viajes: 100
          linea_min_dias: 3
          test_desde: '2026-09-21'
    outs:
    - path: data/processed/h3
      hash: md5
      md5: 99359b5e68c2f8be42927fa204042a08.dir
      size: 224047098
      nfiles: 2
    - path: metrics/horizontes/h3/features.json
      hash: md5
      md5: 7b3387940ce9a750139b54583a2e0646
      size: 19314
  features_h@5:
    cmd: uv run python -m project.features --horizonte 5
    deps:
    - path: data/interim/disponibilidad
      hash: md5
      md5: aceb0b88beaa6708a51ea6ee549a0ee1.dir
      size: 5398505
      nfiles: 1
    - path: data/interim/pasos
      hash: md5
      md5: 620f7df005bb3f71f2931b05df59a014.dir
      size: 74698618
      nfiles: 48
    - path: src/project/features.py
      hash: md5
      md5: c4205aff1dc3721dd4c659ea57f8fc13
      size: 28200
    params:
      params.yaml:
        features:
          objetivo: retraso_siguiente_parada_s
          horizonte_paradas: 1
          horizontes_barrido:
          - 2
          - 3
          - 5
          - 10
          lags_min:
          - 1
          - 5
          - 15
          ventana_trafico_min: 10
          incluir_flota: true
          ventanas_flota_min:
          - 5
          - 15
          soporte_min: 2
          incluir_trafico: false
          incluir_meteo: false
          umbral_retraso_s: 300
          linea_min_viajes: 100
          linea_min_dias: 3
          test_desde: '2026-09-21'
    outs:
    - path: data/processed/h5
      hash: md5
      md5: 612bd8822135b3ed688ce83a9e497023.dir
      size: 199665756
      nfiles: 2
    - path: metrics/horizontes/h5/features.json
      hash: md5
      md5: 6880bb1fae727e00214db0a9af8ef502
      size: 19360
  features_h@10:
    cmd: uv run python -m project.features --horizonte 10
    deps:
    - path: data/interim/disponibilidad
      hash: md5
      md5: aceb0b88beaa6708a51ea6ee549a0ee1.dir
      size: 5398505
      nfiles: 1
    - path: data/interim/pasos
      hash: md5
      md5: 620f7df005bb3f71f2931b05df59a014.dir
      size: 74698618
      nfiles: 48
    - path: src/project/features.py
      hash: md5
      md5: c4205aff1dc3721dd4c659ea57f8fc13
      size: 28200
    params:
      params.yaml:
        features:
          objetivo: retraso_siguiente_parada_s
          horizonte_paradas: 1
          horizontes_barrido:
          - 2
          - 3
          - 5
          - 10
          lags_min:
          - 1
          - 5
          - 15
          ventana_trafico_min: 10
          incluir_flota: true
          ventanas_flota_min:
          - 5
          - 15
          soporte_min: 2
          incluir_trafico: false
          incluir_meteo: false
          umbral_retraso_s: 300
          linea_min_viajes: 100
          linea_min_dias: 3
          test_desde: '2026-09-21'
    outs:
    - path: data/processed/h10
      hash: md5
      md5: f8adbdb27c47087f205971d23e7aac34.dir
      size: 142624395
      nfiles: 2
    - path: metrics/horizontes/h10/features.json
      hash: md5
      md5: 6842f725f66ed3f73dbc62bbfb50903a
      size: 19442
  train_h@2:
    cmd: uv run python -m project.train --horizonte 2
    deps:
    - path: data/processed/h2
      hash: md5
      md5: 2ba2be1ed5ba5ce4a13186eecf1360db.dir
      size: 236617582
      nfiles: 2
    - path: src/project/evaluate.py
      hash: md5
      md5: 1dfbeff88114c78eb0feb8bd0a87db5a
      size: 10406
    - path: src/project/features.py
      hash: md5
      md5: c4205aff1dc3721dd4c659ea57f8fc13
      size: 28200
    - path: src/project/predict.py
      hash: md5
      md5: 877a8969c4b2a9bd0e7fd4f507de5ac5
      size: 1374
    - path: src/project/train.py
      hash: md5
      md5: 83fa3814a7867d36e7fab635a42a06e1
      size: 6574
    params:
      params.yaml:
        train:
          objective: reg:absoluteerror
          residuo: true
          eval_metric: mae
          n_estimators: 3000
          max_depth: 8
          learning_rate: 0.05
          subsample: 0.8
          colsample_bytree: 0.8
          min_child_weight: 10
          early_stopping_rounds: 50
          n_jobs: -1
          random_state: 42
          dias_validacion: 7
    outs:
    - path: models/h2/model.pkl
      hash: md5
      md5: 974ccf1daabd145577fcae4dc8544573
      size: 5025233
  train_h@3:
    cmd: uv run python -m project.train --horizonte 3
    deps:
    - path: data/processed/h3
      hash: md5
      md5: 99359b5e68c2f8be42927fa204042a08.dir
      size: 224047098
      nfiles: 2
    - path: src/project/evaluate.py
      hash: md5
      md5: 1dfbeff88114c78eb0feb8bd0a87db5a
      size: 10406
    - path: src/project/features.py
      hash: md5
      md5: c4205aff1dc3721dd4c659ea57f8fc13
      size: 28200
    - path: src/project/predict.py
      hash: md5
      md5: 877a8969c4b2a9bd0e7fd4f507de5ac5
      size: 1374
    - path: src/project/train.py
      hash: md5
      md5: 83fa3814a7867d36e7fab635a42a06e1
      size: 6574
    params:
      params.yaml:
        train:
          objective: reg:absoluteerror
          residuo: true
          eval_metric: mae
          n_estimators: 3000
          max_depth: 8
          learning_rate: 0.05
          subsample: 0.8
          colsample_bytree: 0.8
          min_child_weight: 10
          early_stopping_rounds: 50
          n_jobs: -1
          random_state: 42
          dias_validacion: 7
    outs:
    - path: models/h3/model.pkl
      hash: md5
      md5: 4c0be63320f997c9ea7d0c985460abab
      size: 6842611
  train_h@5:
    cmd: uv run python -m project.train --horizonte 5
    deps:
    - path: data/processed/h5
      hash: md5
      md5: 612bd8822135b3ed688ce83a9e497023.dir
      size: 199665756
      nfiles: 2
    - path: src/project/evaluate.py
      hash: md5
      md5: 1dfbeff88114c78eb0feb8bd0a87db5a
      size: 10406
    - path: src/project/features.py
      hash: md5
      md5: c4205aff1dc3721dd4c659ea57f8fc13
      size: 28200
    - path: src/project/predict.py
      hash: md5
      md5: 877a8969c4b2a9bd0e7fd4f507de5ac5
      size: 1374
    - path: src/project/train.py
      hash: md5
      md5: 83fa3814a7867d36e7fab635a42a06e1
      size: 6574
    params:
      params.yaml:
        train:
          objective: reg:absoluteerror
          residuo: true
          eval_metric: mae
          n_estimators: 3000
          max_depth: 8
          learning_rate: 0.05
          subsample: 0.8
          colsample_bytree: 0.8
          min_child_weight: 10
          early_stopping_rounds: 50
          n_jobs: -1
          random_state: 42
          dias_validacion: 7
    outs:
    - path: models/h5/model.pkl
      hash: md5
      md5: 12e0c4e652a111c63f99a6c9aaad3f89
      size: 3850040
  train_h@10:
    cmd: uv run python -m project.train --horizonte 10
    deps:
    - path: data/processed/h10
      hash: md5
      md5: f8adbdb27c47087f205971d23e7aac34.dir
      size: 142624395
      nfiles: 2
    - path: src/project/evaluate.py
      hash: md5
      md5: 1dfbeff88114c78eb0feb8bd0a87db5a
      size: 10406
    - path: src/project/features.py
      hash: md5
      md5: c4205aff1dc3721dd4c659ea57f8fc13
      size: 28200
    - path: src/project/predict.py
      hash: md5
      md5: 877a8969c4b2a9bd0e7fd4f507de5ac5
      size: 1374
    - path: src/project/train.py
      hash: md5
      md5: 83fa3814a7867d36e7fab635a42a06e1
      size: 6574
    params:
      params.yaml:
        train:
          objective: reg:absoluteerror
          residuo: true
          eval_metric: mae
          n_estimators: 3000
          max_depth: 8
          learning_rate: 0.05
          subsample: 0.8
          colsample_bytree: 0.8
          min_child_weight: 10
          early_stopping_rounds: 50
          n_jobs: -1
          random_state: 42
          dias_validacion: 7
    outs:
    - path: models/h10/model.pkl
      hash: md5
      md5: 97f652f4a9cc497ec97681caf421cbe0
      size: 3271838
  evaluate_h@2:
    cmd: uv run python -m project.evaluate --horizonte 2
    deps:
    - path: data/processed/h2
      hash: md5
      md5: 2ba2be1ed5ba5ce4a13186eecf1360db.dir
      size: 236617582
      nfiles: 2
    - path: data/raw/gtfs
      hash: md5
      md5: 58e47750a59418f7aed19ec560781cde.dir
      size: 76792028
      nfiles: 13
    - path: models/h2/model.pkl
      hash: md5
      md5: 974ccf1daabd145577fcae4dc8544573
      size: 5025233
    - path: src/project/evaluate.py
      hash: md5
      md5: 1dfbeff88114c78eb0feb8bd0a87db5a
      size: 10406
    - path: src/project/features.py
      hash: md5
      md5: c4205aff1dc3721dd4c659ea57f8fc13
      size: 28200
    - path: src/project/gtfs.py
      hash: md5
      md5: eddb6c0ab87e20c72fbdb9b835d129a9
      size: 9426
    - path: src/project/predict.py
      hash: md5
      md5: 877a8969c4b2a9bd0e7fd4f507de5ac5
      size: 1374
    params:
      params.yaml:
        features.linea_min_dias: 3
        features.linea_min_viajes: 100
        features.objetivo: retraso_siguiente_parada_s
    outs:
    - path: metrics/horizontes/h2/eval.json
      hash: md5
      md5: a9b5ab1041851194d46be40dd3b62158
      size: 45932
  evaluate_h@3:
    cmd: uv run python -m project.evaluate --horizonte 3
    deps:
    - path: data/processed/h3
      hash: md5
      md5: 99359b5e68c2f8be42927fa204042a08.dir
      size: 224047098
      nfiles: 2
    - path: data/raw/gtfs
      hash: md5
      md5: 58e47750a59418f7aed19ec560781cde.dir
      size: 76792028
      nfiles: 13
    - path: models/h3/model.pkl
      hash: md5
      md5: 4c0be63320f997c9ea7d0c985460abab
      size: 6842611
    - path: src/project/evaluate.py
      hash: md5
      md5: 1dfbeff88114c78eb0feb8bd0a87db5a
      size: 10406
    - path: src/project/features.py
      hash: md5
      md5: c4205aff1dc3721dd4c659ea57f8fc13
      size: 28200
    - path: src/project/gtfs.py
      hash: md5
      md5: eddb6c0ab87e20c72fbdb9b835d129a9
      size: 9426
    - path: src/project/predict.py
      hash: md5
      md5: 877a8969c4b2a9bd0e7fd4f507de5ac5
      size: 1374
    params:
      params.yaml:
        features.linea_min_dias: 3
        features.linea_min_viajes: 100
        features.objetivo: retraso_siguiente_parada_s
    outs:
    - path: metrics/horizontes/h3/eval.json
      hash: md5
      md5: bba2ba483082d06e465ed4d03fb88b6f
      size: 47527
  evaluate_h@5:
    cmd: uv run python -m project.evaluate --horizonte 5
    deps:
    - path: data/processed/h5
      hash: md5
      md5: 612bd8822135b3ed688ce83a9e497023.dir
      size: 199665756
      nfiles: 2
    - path: data/raw/gtfs
      hash: md5
      md5: 58e47750a59418f7aed19ec560781cde.dir
      size: 76792028
      nfiles: 13
    - path: models/h5/model.pkl
      hash: md5
      md5: 12e0c4e652a111c63f99a6c9aaad3f89
      size: 3850040
    - path: src/project/evaluate.py
      hash: md5
      md5: 1dfbeff88114c78eb0feb8bd0a87db5a
      size: 10406
    - path: src/project/features.py
      hash: md5
      md5: c4205aff1dc3721dd4c659ea57f8fc13
      size: 28200
    - path: src/project/gtfs.py
      hash: md5
      md5: eddb6c0ab87e20c72fbdb9b835d129a9
      size: 9426
    - path: src/project/predict.py
      hash: md5
      md5: 877a8969c4b2a9bd0e7fd4f507de5ac5
      size: 1374
    params:
      params.yaml:
        features.linea_min_dias: 3
        features.linea_min_viajes: 100
        features.objetivo: retraso_siguiente_parada_s
    outs:
    - path: metrics/horizontes/h5/eval.json
      hash: md5
      md5: 3530ea84eb44a66e3bd58f80bf5e57ba
      size: 44467
  evaluate_h@10:
    cmd: uv run python -m project.evaluate --horizonte 10
    deps:
    - path: data/processed/h10
      hash: md5
      md5: f8adbdb27c47087f205971d23e7aac34.dir
      size: 142624395
      nfiles: 2
    - path: data/raw/gtfs
      hash: md5
      md5: 58e47750a59418f7aed19ec560781cde.dir
      size: 76792028
      nfiles: 13
    - path: models/h10/model.pkl
      hash: md5
      md5: 97f652f4a9cc497ec97681caf421cbe0
      size: 3271838
    - path: src/project/evaluate.py
      hash: md5
      md5: 1dfbeff88114c78eb0feb8bd0a87db5a
      size: 10406
    - path: src/project/features.py
      hash: md5
      md5: c4205aff1dc3721dd4c659ea57f8fc13
      size: 28200
    - path: src/project/gtfs.py
      hash: md5
      md5: eddb6c0ab87e20c72fbdb9b835d129a9
      size: 9426
    - path: src/project/predict.py
      hash: md5
      md5: 877a8969c4b2a9bd0e7fd4f507de5ac5
      size: 1374
    params:
      params.yaml:
        features.linea_min_dias: 3
        features.linea_min_viajes: 100
        features.objetivo: retraso_siguiente_parada_s
    outs:
    - path: metrics/horizontes/h10/eval.json
      hash: md5
      md5: 2b43db4bfcbef1314fc4020098a3eadc
      size: 41180
